
Microsoft Visual Studio Solution File, Format Version 12.00
# Visual Studio Version 16
VisualStudioVersion = 16.0.28803.202
MinimumVisualStudioVersion = 10.0.40219.1
Project("{FAE04EC0-301F-11D3-BF4B-00C04F79EFBC}") = "Faktoryel Ornek", "Faktoryel Ornek\Faktoryel Ornek.csproj", "{BB37CD42-94F9-4A8F-BD2E-259C85DE4952}"
EndProject
Global
	GlobalSection(SolutionConfigurationPlatforms) = preSolution
		Debug|Any CPU = Debug|Any CPU
		Release|Any CPU = Release|Any CPU
	EndGlobalSection
	GlobalSection(ProjectConfigurationPlatforms) = postSolution
		{BB37CD42-94F9-4A8F-BD2E-259C85DE4952}.Debug|Any CPU.ActiveCfg = Debug|Any CPU
		{BB37CD42-94F9-4A8F-BD2E-259C85DE4952}.Debug|Any CPU.Build.0 = Debug|Any CPU
		{BB37CD42-94F9-4A8F-BD2E-259C85DE4952}.Release|Any CPU.ActiveCfg = Release|Any CPU
		{BB37CD42-94F9-4A8F-BD2E-259C85DE4952}.Release|Any CPU.Build.0 = Release|Any CPU
	EndGlobalSection
	GlobalSection(SolutionProperties) = preSolution
		HideSolutionNode = FALSE
	EndGlobalSection
	GlobalSection(ExtensibilityGlobals) = postSolution
		SolutionGuid = {409A3AF8-C448-4032-902B-6D7BD41E7CBA}
	EndGlobalSection
EndGlobal
